
Microsoft Visual Studio Solution File, Format Version 11.00
# Visual C++ Express 2010
Project("{8BC9CEB8-8B4A-11D0-8D11-00A0C91BC942}") = "irrlamb", "irrlamb.vcxproj", "{A85E46EC-F9E2-4FA9-BE14-E0A01BAB4320}"
EndProject
Global
	GlobalSection(SolutionConfigurationPlatforms) = preSolution
		Debug|Win32 = Debug|Win32
		Release|Win32 = Release|Win32
	EndGlobalSection
	GlobalSection(ProjectConfigurationPlatforms) = postSolution
		{A85E46EC-F9E2-4FA9-BE14-E0A01BAB4320}.Debug|Win32.ActiveCfg = Debug|Win32
		{A85E46EC-F9E2-4FA9-BE14-E0A01BAB4320}.Debug|Win32.Build.0 = Debug|Win32
		{A85E46EC-F9E2-4FA9-BE14-E0A01BAB4320}.Release|Win32.ActiveCfg = Release|Win32
		{A85E46EC-F9E2-4FA9-BE14-E0A01BAB4320}.Release|Win32.Build.0 = Release|Win32
	EndGlobalSection
	GlobalSection(SolutionProperties) = preSolution
		HideSolutionNode = FALSE
	EndGlobalSection
EndGlobal
